// !$*UTF8*$!
{
	archiveVersion = 1;
	classes = {
	};
	objectVersion = 56;
	objects = {

/* Begin PBXBuildFile section */
		509924A229BDF2ED003D49F7 /* SIGN_GENIUSApp.swift in Sources */ = {isa = PBXBuildFile; fileRef = 509924A129BDF2ED003D49F7 /* SIGN_GENIUSApp.swift */; };
		509924A429BDF2ED003D49F7 /* ContentView.swift in Sources */ = {isa = PBXBuildFile; fileRef = 509924A329BDF2ED003D49F7 /* ContentView.swift */; };
		509924A629BDF2EE003D49F7 /* Assets.xcassets in Resources */ = {isa = PBXBuildFile; fileRef = 509924A529BDF2EE003D49F7 /* Assets.xcassets */; };
		509924A929BDF2EE003D49F7 /* Preview Assets.xcassets in Resources */ = {isa = PBXBuildFile; fileRef = 509924A829BDF2EE003D49F7 /* Preview Assets.xcassets */; };
		509924B329BDF2EE003D49F7 /* SIGN_GENIUSTests.swift in Sources */ = {isa = PBXBuildFile; fileRef = 509924B229BDF2EE003D49F7 /* SIGN_GENIUSTests.swift */; };
		509924BD29BDF2EE003D49F7 /* SIGN_GENIUSUITests.swift in Sources */ = {isa = PBXBuildFile; fileRef = 509924BC29BDF2EE003D49F7 /* SIGN_GENIUSUITests.swift */; };
		509924BF29BDF2EE003D49F7 /* SIGN_GENIUSUITestsLaunchTests.swift in Sources */ = {isa = PBXBuildFile; fileRef = 509924BE29BDF2EE003D49F7 /* SIGN_GENIUSUITestsLaunchTests.swift */; };
		509924CC29BDFF8B003D49F7 /* GoogleService-Info.plist in Resources */ = {isa = PBXBuildFile; fileRef = 509924CB29BDFF8B003D49F7 /* GoogleService-Info.plist */; };
		509924CF29BE0089003D49F7 /* FirebaseAnalytics in Frameworks */ = {isa = PBXBuildFile; productRef = 509924CE29BE0089003D49F7 /* FirebaseAnalytics */; };
		509924D129BE008A003D49F7 /* FirebaseAnalyticsSwift in Frameworks */ = {isa = PBXBuildFile; productRef = 509924D029BE0089003D49F7 /* FirebaseAnalyticsSwift */; };
		509924D329BE008A003D49F7 /* FirebaseAuth in Frameworks */ = {isa = PBXBuildFile; productRef = 509924D229BE008A003D49F7 /* FirebaseAuth */; };
		509924D529BE008A003D49F7 /* FirebaseCrashlytics in Frameworks */ = {isa = PBXBuildFile; productRef = 509924D429BE008A003D49F7 /* FirebaseCrashlytics */; };
		509924D729BE008A003D49F7 /* FirebaseFirestore in Frameworks */ = {isa = PBXBuildFile; productRef = 509924D629BE008A003D49F7 /* FirebaseFirestore */; };
		509924DB29BE1BBB003D49F7 /* ListView.swift in Sources */ = {isa = PBXBuildFile; fileRef = 509924DA29BE1BBB003D49F7 /* ListView.swift */; };
		509924DD29BE1BF2003D49F7 /* Dog.swift in Sources */ = {isa = PBXBuildFile; fileRef = 509924DC29BE1BF1003D49F7 /* Dog.swift */; };
		509924DF29BE1DA8003D49F7 /* DataManager.swift in Sources */ = {isa = PBXBuildFile; fileRef = 509924DE29BE1DA8003D49F7 /* DataManager.swift */; };
		509924E129BE21EB003D49F7 /* NewDogView.swift in Sources */ = {isa = PBXBuildFile; fileRef = 509924E029BE21EB003D49F7 /* NewDogView.swift */; };
/* End PBXBuildFile section */

/* Begin PBXContainerItemProxy section */
		509924AF29BDF2EE003D49F7 /* PBXContainerItemProxy */ = {
			isa = PBXContainerItemProxy;
			containerPortal = 5099249629BDF2ED003D49F7 /* Project object */;
			proxyType = 1;
			remoteGlobalIDString = 5099249D29BDF2ED003D49F7;
			remoteInfo = SIGN_GENIUS;
		};
		509924B929BDF2EE003D49F7 /* PBXContainerItemProxy */ = {
			isa = PBXContainerItemProxy;
			containerPortal = 5099249629BDF2ED003D49F7 /* Project object */;
			proxyType = 1;
			remoteGlobalIDString = 5099249D29BDF2ED003D49F7;
			remoteInfo = SIGN_GENIUS;
		};
/* End PBXContainerItemProxy section */

/* Begin PBXFileReference section */
		5099249E29BDF2ED003D49F7 /* SIGN_GENIUS.app */ = {isa = PBXFileReference; explicitFileType = wrapper.application; includeInIndex = 0; path = SIGN_GENIUS.app; sourceTree = BUILT_PRODUCTS_DIR; };
		509924A129BDF2ED003D49F7 /* SIGN_GENIUSApp.swift */ = {isa = PBXFileReference; lastKnownFileType = sourcecode.swift; path = SIGN_GENIUSApp.swift; sourceTree = "<group>"; };
		509924A329BDF2ED003D49F7 /* ContentView.swift */ = {isa = PBXFileReference; lastKnownFileType = sourcecode.swift; path = ContentView.swift; sourceTree = "<group>"; };
		509924A529BDF2EE003D49F7 /* Assets.xcassets */ = {isa = PBXFileReference; lastKnownFileType = folder.assetcatalog; path = Assets.xcassets; sourceTree = "<group>"; };
		509924A829BDF2EE003D49F7 /* Preview Assets.xcassets */ = {isa = PBXFileReference; lastKnownFileType = folder.assetcatalog; path = "Preview Assets.xcassets"; sourceTree = "<group>"; };
		509924AE29BDF2EE003D49F7 /* SIGN_GENIUSTests.xctest */ = {isa = PBXFileReference; explicitFileType = wrapper.cfbundle; includeInIndex = 0; path = SIGN_GENIUSTests.xctest; sourceTree = BUILT_PRODUCTS_DIR; };
		509924B229BDF2EE003D49F7 /* SIGN_GENIUSTests.swift */ = {isa = PBXFileReference; lastKnownFileType = sourcecode.swift; path = SIGN_GENIUSTests.swift; sourceTree = "<group>"; };
		509924B829BDF2EE003D49F7 /* SIGN_GENIUSUITests.xctest */ = {isa = PBXFileReference; explicitFileType = wrapper.cfbundle; includeInIndex = 0; path = SIGN_GENIUSUITests.xctest; sourceTree = BUILT_PRODUCTS_DIR; };
		509924BC29BDF2EE003D49F7 /* SIGN_GENIUSUITests.swift */ = {isa = PBXFileReference; lastKnownFileType = sourcecode.swift; path = SIGN_GENIUSUITests.swift; sourceTree = "<group>"; };
		509924BE29BDF2EE003D49F7 /* SIGN_GENIUSUITestsLaunchTests.swift */ = {isa = PBXFileReference; lastKnownFileType = sourcecode.swift; path = SIGN_GENIUSUITestsLaunchTests.swift; sourceTree = "<group>"; };
		509924CB29BDFF8B003D49F7 /* GoogleService-Info.plist */ = {isa = PBXFileReference; fileEncoding = 4; lastKnownFileType = text.plist.xml; path = "GoogleService-Info.plist"; sourceTree = "<group>"; };
		509924DA29BE1BBB003D49F7 /* ListView.swift */ = {isa = PBXFileReference; lastKnownFileType = sourcecode.swift; path = ListView.swift; sourceTree = "<group>"; };
		509924DC29BE1BF1003D49F7 /* Dog.swift */ = {isa = PBXFileReference; lastKnownFileType = sourcecode.swift; path = Dog.swift; sourceTree = "<group>"; };
		509924DE29BE1DA8003D49F7 /* DataManager.swift */ = {isa = PBXFileReference; lastKnownFileType = sourcecode.swift; path = DataManager.swift; sourceTree = "<group>"; };
		509924E029BE21EB003D49F7 /* NewDogView.swift */ = {isa = PBXFileReference; lastKnownFileType = sourcecode.swift; path = NewDogView.swift; sourceTree = "<group>"; };
/* End PBXFileReference section */

/* Begin PBXFrameworksBuildPhase section */
		5099249B29BDF2ED003D49F7 /* Frameworks */ = {
			isa = PBXFrameworksBuildPhase;
			buildActionMask = 2147483647;
			files = (
				509924D129BE008A003D49F7 /* FirebaseAnalyticsSwift in Frameworks */,
				509924D529BE008A003D49F7 /* FirebaseCrashlytics in Frameworks */,
				509924D329BE008A003D49F7 /* FirebaseAuth in Frameworks */,
				509924D729BE008A003D49F7 /* FirebaseFirestore in Frameworks */,
				509924CF29BE0089003D49F7 /* FirebaseAnalytics in Frameworks */,
			);
			runOnlyForDeploymentPostprocessing = 0;
		};
		509924AB29BDF2EE003D49F7 /* Frameworks */ = {
			isa = PBXFrameworksBuildPhase;
			buildActionMask = 2147483647;
			files = (
			);
			runOnlyForDeploymentPostprocessing = 0;
		};
		509924B529BDF2EE003D49F7 /* Frameworks */ = {
			isa = PBXFrameworksBuildPhase;
			buildActionMask = 2147483647;
			files = (
			);
			runOnlyForDeploymentPostprocessing = 0;
		};
/* End PBXFrameworksBuildPhase section */

/* Begin PBXGroup section */
		5099249529BDF2ED003D49F7 = {
			isa = PBXGroup;
			children = (
				509924A029BDF2ED003D49F7 /* SIGN_GENIUS */,
				509924B129BDF2EE003D49F7 /* SIGN_GENIUSTests */,
				509924BB29BDF2EE003D49F7 /* SIGN_GENIUSUITests */,
				5099249F29BDF2ED003D49F7 /* Products */,
			);
			sourceTree = "<group>";
		};
		5099249F29BDF2ED003D49F7 /* Products */ = {
			isa = PBXGroup;
			children = (
				5099249E29BDF2ED003D49F7 /* SIGN_GENIUS.app */,
				509924AE29BDF2EE003D49F7 /* SIGN_GENIUSTests.xctest */,
				509924B829BDF2EE003D49F7 /* SIGN_GENIUSUITests.xctest */,
			);
			name = Products;
			sourceTree = "<group>";
		};
		509924A029BDF2ED003D49F7 /* SIGN_GENIUS */ = {
			isa = PBXGroup;
			children = (
				509924CB29BDFF8B003D49F7 /* GoogleService-Info.plist */,
				509924A129BDF2ED003D49F7 /* SIGN_GENIUSApp.swift */,
				509924A329BDF2ED003D49F7 /* ContentView.swift */,
				509924DA29BE1BBB003D49F7 /* ListView.swift */,
				509924DC29BE1BF1003D49F7 /* Dog.swift */,
				509924E029BE21EB003D49F7 /* NewDogView.swift */,
				509924DE29BE1DA8003D49F7 /* DataManager.swift */,
				509924A529BDF2EE003D49F7 /* Assets.xcassets */,
				509924A729BDF2EE003D49F7 /* Preview Content */,
			);
			path = SIGN_GENIUS;
			sourceTree = "<group>";
		};
		509924A729BDF2EE003D49F7 /* Preview Content */ = {
			isa = PBXGroup;
			children = (
				509924A829BDF2EE003D49F7 /* Preview Assets.xcassets */,
			);
			path = "Preview Content";
			sourceTree = "<group>";
		};
		509924B129BDF2EE003D49F7 /* SIGN_GENIUSTests */ = {
			isa = PBXGroup;
			children = (
				509924B229BDF2EE003D49F7 /* SIGN_GENIUSTests.swift */,
			);
			path = SIGN_GENIUSTests;
			sourceTree = "<group>";
		};
		509924BB29BDF2EE003D49F7 /* SIGN_GENIUSUITests */ = {
			isa = PBXGroup;
			children = (
				509924BC29BDF2EE003D49F7 /* SIGN_GENIUSUITests.swift */,
				509924BE29BDF2EE003D49F7 /* SIGN_GENIUSUITestsLaunchTests.swift */,
			);
			path = SIGN_GENIUSUITests;
			sourceTree = "<group>";
		};
/* End PBXGroup section */

/* Begin PBXNativeTarget section */
		5099249D29BDF2ED003D49F7 /* SIGN_GENIUS */ = {
			isa = PBXNativeTarget;
			buildConfigurationList = 509924C229BDF2EE003D49F7 /* Build configuration list for PBXNativeTarget "SIGN_GENIUS" */;
			buildPhases = (
				5099249A29BDF2ED003D49F7 /* Sources */,
				5099249B29BDF2ED003D49F7 /* Frameworks */,
				5099249C29BDF2ED003D49F7 /* Resources */,
			);
			buildRules = (
			);
			dependencies = (
			);
			name = SIGN_GENIUS;
			packageProductDependencies = (
				509924CE29BE0089003D49F7 /* FirebaseAnalytics */,
				509924D029BE0089003D49F7 /* FirebaseAnalyticsSwift */,
				509924D229BE008A003D49F7 /* FirebaseAuth */,
				509924D429BE008A003D49F7 /* FirebaseCrashlytics */,
				509924D629BE008A003D49F7 /* FirebaseFirestore */,
			);
			productName = SIGN_GENIUS;
			productReference = 5099249E29BDF2ED003D49F7 /* SIGN_GENIUS.app */;
			productType = "com.apple.product-type.application";
		};
		509924AD29BDF2EE003D49F7 /* SIGN_GENIUSTests */ = {
			isa = PBXNativeTarget;
			buildConfigurationList = 509924C529BDF2EE003D49F7 /* Build configuration list for PBXNativeTarget "SIGN_GENIUSTests" */;
			buildPhases = (
				509924AA29BDF2EE003D49F7 /* Sources */,
				509924AB29BDF2EE003D49F7 /* Frameworks */,
				509924AC29BDF2EE003D49F7 /* Resources */,
			);
			buildRules = (
			);
			dependencies = (
				509924B029BDF2EE003D49F7 /* PBXTargetDependency */,
			);
			name = SIGN_GENIUSTests;
			productName = SIGN_GENIUSTests;
			productReference = 509924AE29BDF2EE003D49F7 /* SIGN_GENIUSTests.xctest */;
			productType = "com.apple.product-type.bundle.unit-test";
		};
		509924B729BDF2EE003D49F7 /* SIGN_GENIUSUITests */ = {
			isa = PBXNativeTarget;
			buildConfigurationList = 509924C829BDF2EE003D49F7 /* Build configuration list for PBXNativeTarget "SIGN_GENIUSUITests" */;
			buildPhases = (
				509924B429BDF2EE003D49F7 /* Sources */,
				509924B529BDF2EE003D49F7 /* Frameworks */,
				509924B629BDF2EE003D49F7 /* Resources */,
			);
			buildRules = (
			);
			dependencies = (
				509924BA29BDF2EE003D49F7 /* PBXTargetDependency */,
			);
			name = SIGN_GENIUSUITests;
			productName = SIGN_GENIUSUITests;
			productReference = 509924B829BDF2EE003D49F7 /* SIGN_GENIUSUITests.xctest */;
			productType = "com.apple.product-type.bundle.ui-testing";
		};
/* End PBXNativeTarget section */

/* Begin PBXProject section */
		5099249629BDF2ED003D49F7 /* Project object */ = {
			isa = PBXProject;
			attributes = {
				BuildIndependentTargetsInParallel = 1;
				LastSwiftUpdateCheck = 1420;
				LastUpgradeCheck = 1420;
				TargetAttributes = {
					5099249D29BDF2ED003D49F7 = {
						CreatedOnToolsVersion = 14.2;
					};
					509924AD29BDF2EE003D49F7 = {
						CreatedOnToolsVersion = 14.2;
						TestTargetID = 5099249D29BDF2ED003D49F7;
					};
					509924B729BDF2EE003D49F7 = {
						CreatedOnToolsVersion = 14.2;
						TestTargetID = 5099249D29BDF2ED003D49F7;
					};
				};
			};
			buildConfigurationList = 5099249929BDF2ED003D49F7 /* Build configuration list for PBXProject "SIGN_GENIUS" */;
			compatibilityVersion = "Xcode 14.0";
			developmentRegion = en;
			hasScannedForEncodings = 0;
			knownRegions = (
				en,
				Base,
			);
			mainGroup = 5099249529BDF2ED003D49F7;
			packageReferences = (
				509924CD29BE0089003D49F7 /* XCRemoteSwiftPackageReference "firebase-ios-sdk" */,
			);
			productRefGroup = 5099249F29BDF2ED003D49F7 /* Products */;
			projectDirPath = "";
			projectRoot = "";
			targets = (
				5099249D29BDF2ED003D49F7 /* SIGN_GENIUS */,
				509924AD29BDF2EE003D49F7 /* SIGN_GENIUSTests */,
				509924B729BDF2EE003D49F7 /* SIGN_GENIUSUITests */,
			);
		};
/* End PBXProject section */

/* Begin PBXResourcesBuildPhase section */
		5099249C29BDF2ED003D49F7 /* Resources */ = {
			isa = PBXResourcesBuildPhase;
			buildActionMask = 2147483647;
			files = (
				509924A929BDF2EE003D49F7 /* Preview Assets.xcassets in Resources */,
				509924A629BDF2EE003D49F7 /* Assets.xcassets in Resources */,
				509924CC29BDFF8B003D49F7 /* GoogleService-Info.plist in Resources */,
			);
			runOnlyForDeploymentPostprocessing = 0;
		};
		509924AC29BDF2EE003D49F7 /* Resources */ = {
			isa = PBXResourcesBuildPhase;
			buildActionMask = 2147483647;
			files = (
			);
			runOnlyForDeploymentPostprocessing = 0;
		};
		509924B629BDF2EE003D49F7 /* Resources */ = {
			isa = PBXResourcesBuildPhase;
			buildActionMask = 2147483647;
			files = (
			);
			runOnlyForDeploymentPostprocessing = 0;
		};
/* End PBXResourcesBuildPhase section */

/* Begin PBXSourcesBuildPhase section */
		5099249A29BDF2ED003D49F7 /* Sources */ = {
			isa = PBXSourcesBuildPhase;
			buildActionMask = 2147483647;
			files = (
				509924E129BE21EB003D49F7 /* NewDogView.swift in Sources */,
				509924A429BDF2ED003D49F7 /* ContentView.swift in Sources */,
				509924DF29BE1DA8003D49F7 /* DataManager.swift in Sources */,
				509924A229BDF2ED003D49F7 /* SIGN_GENIUSApp.swift in Sources */,
				509924DD29BE1BF2003D49F7 /* Dog.swift in Sources */,
				509924DB29BE1BBB003D49F7 /* ListView.swift in Sources */,
			);
			runOnlyForDeploymentPostprocessing = 0;
		};
		509924AA29BDF2EE003D49F7 /* Sources */ = {
			isa = PBXSourcesBuildPhase;
			buildActionMask = 2147483647;
			files = (
				509924B329BDF2EE003D49F7 /* SIGN_GENIUSTests.swift in Sources */,
			);
			runOnlyForDeploymentPostprocessing = 0;
		};
		509924B429BDF2EE003D49F7 /* Sources */ = {
			isa = PBXSourcesBuildPhase;
			buildActionMask = 2147483647;
			files = (
				509924BF29BDF2EE003D49F7 /* SIGN_GENIUSUITestsLaunchTests.swift in Sources */,
				509924BD29BDF2EE003D49F7 /* SIGN_GENIUSUITests.swift in Sources */,
			);
			runOnlyForDeploymentPostprocessing = 0;
		};
/* End PBXSourcesBuildPhase section */

/* Begin PBXTargetDependency section */
		509924B029BDF2EE003D49F7 /* PBXTargetDependency */ = {
			isa = PBXTargetDependency;
			target = 5099249D29BDF2ED003D49F7 /* SIGN_GENIUS */;
			targetProxy = 509924AF29BDF2EE003D49F7 /* PBXContainerItemProxy */;
		};
		509924BA29BDF2EE003D49F7 /* PBXTargetDependency */ = {
			isa = PBXTargetDependency;
			target = 5099249D29BDF2ED003D49F7 /* SIGN_GENIUS */;
			targetProxy = 509924B929BDF2EE003D49F7 /* PBXContainerItemProxy */;
		};
/* End PBXTargetDependency section */

/* Begin XCBuildConfiguration section */
		509924C029BDF2EE003D49F7 /* Debug */ = {
			isa = XCBuildConfiguration;
			buildSettings = {
				ALWAYS_SEARCH_USER_PATHS = NO;
				CLANG_ANALYZER_NONNULL = YES;
				CLANG_ANALYZER_NUMBER_OBJECT_CONVERSION = YES_AGGRESSIVE;
				CLANG_CXX_LANGUAGE_STANDARD = "gnu++20";
				CLANG_ENABLE_MODULES = YES;
				CLANG_ENABLE_OBJC_ARC = YES;
				CLANG_ENABLE_OBJC_WEAK = YES;
				CLANG_WARN_BLOCK_CAPTURE_AUTORELEASING = YES;
				CLANG_WARN_BOOL_CONVERSION = YES;
				CLANG_WARN_COMMA = YES;
				CLANG_WARN_CONSTANT_CONVERSION = YES;
				CLANG_WARN_DEPRECATED_OBJC_IMPLEMENTATIONS = YES;
				CLANG_WARN_DIRECT_OBJC_ISA_USAGE = YES_ERROR;
				CLANG_WARN_DOCUMENTATION_COMMENTS = YES;
				CLANG_WARN_EMPTY_BODY = YES;
				CLANG_WARN_ENUM_CONVERSION = YES;
				CLANG_WARN_INFINITE_RECURSION = YES;
				CLANG_WARN_INT_CONVERSION = YES;
				CLANG_WARN_NON_LITERAL_NULL_CONVERSION = YES;
				CLANG_WARN_OBJC_IMPLICIT_RETAIN_SELF = YES;
				CLANG_WARN_OBJC_LITERAL_CONVERSION = YES;
				CLANG_WARN_OBJC_ROOT_CLASS = YES_ERROR;
				CLANG_WARN_QUOTED_INCLUDE_IN_FRAMEWORK_HEADER = YES;
				CLANG_WARN_RANGE_LOOP_ANALYSIS = YES;
				CLANG_WARN_STRICT_PROTOTYPES = YES;
				CLANG_WARN_SUSPICIOUS_MOVE = YES;
				CLANG_WARN_UNGUARDED_AVAILABILITY = YES_AGGRESSIVE;
				CLANG_WARN_UNREACHABLE_CODE = YES;
				CLANG_WARN__DUPLICATE_METHOD_MATCH = YES;
				COPY_PHASE_STRIP = NO;
				DEBUG_INFORMATION_FORMAT = dwarf;
				ENABLE_STRICT_OBJC_MSGSEND = YES;
				ENABLE_TESTABILITY = YES;
				GCC_C_LANGUAGE_STANDARD = gnu11;
				GCC_DYNAMIC_NO_PIC = NO;
				GCC_NO_COMMON_BLOCKS = YES;
				GCC_OPTIMIZATION_LEVEL = 0;
				GCC_PREPROCESSOR_DEFINITIONS = (
					"DEBUG=1",
					"$(inherited)",
				);
				GCC_WARN_64_TO_32_BIT_CONVERSION = YES;
				GCC_WARN_ABOUT_RETURN_TYPE = YES_ERROR;
				GCC_WARN_UNDECLARED_SELECTOR = YES;
				GCC_WARN_UNINITIALIZED_AUTOS = YES_AGGRESSIVE;
				GCC_WARN_UNUSED_FUNCTION = YES;
				GCC_WARN_UNUSED_VARIABLE = YES;
				IPHONEOS_DEPLOYMENT_TARGET = 16.2;
				MTL_ENABLE_DEBUG_INFO = INCLUDE_SOURCE;
				MTL_FAST_MATH = YES;
				ONLY_ACTIVE_ARCH = YES;
				SDKROOT = iphoneos;
				SWIFT_ACTIVE_COMPILATION_CONDITIONS = DEBUG;
				SWIFT_OPTIMIZATION_LEVEL = "-Onone";
			};
			name = Debug;
		};
		509924C129BDF2EE003D49F7 /* Release */ = {
			isa = XCBuildConfiguration;
			buildSettings = {
				ALWAYS_SEARCH_USER_PATHS = NO;
				CLANG_ANALYZER_NONNULL = YES;
				CLANG_ANALYZER_NUMBER_OBJECT_CONVERSION = YES_AGGRESSIVE;
				CLANG_CXX_LANGUAGE_STANDARD = "gnu++20";
				CLANG_ENABLE_MODULES = YES;
				CLANG_ENABLE_OBJC_ARC = YES;
				CLANG_ENABLE_OBJC_WEAK = YES;
				CLANG_WARN_BLOCK_CAPTURE_AUTORELEASING = YES;
				CLANG_WARN_BOOL_CONVERSION = YES;
				CLANG_WARN_COMMA = YES;
				CLANG_WARN_CONSTANT_CONVERSION = YES;
				CLANG_WARN_DEPRECATED_OBJC_IMPLEMENTATIONS = YES;
				CLANG_WARN_DIRECT_OBJC_ISA_USAGE = YES_ERROR;
				CLANG_WARN_DOCUMENTATION_COMMENTS = YES;
				CLANG_WARN_EMPTY_BODY = YES;
				CLANG_WARN_ENUM_CONVERSION = YES;
				CLANG_WARN_INFINITE_RECURSION = YES;
				CLANG_WARN_INT_CONVERSION = YES;
				CLANG_WARN_NON_LITERAL_NULL_CONVERSION = YES;
				CLANG_WARN_OBJC_IMPLICIT_RETAIN_SELF = YES;
				CLANG_WARN_OBJC_LITERAL_CONVERSION = YES;
				CLANG_WARN_OBJC_ROOT_CLASS = YES_ERROR;
				CLANG_WARN_QUOTED_INCLUDE_IN_FRAMEWORK_HEADER = YES;
				CLANG_WARN_RANGE_LOOP_ANALYSIS = YES;
				CLANG_WARN_STRICT_PROTOTYPES = YES;
				CLANG_WARN_SUSPICIOUS_MOVE = YES;
				CLANG_WARN_UNGUARDED_AVAILABILITY = YES_AGGRESSIVE;
				CLANG_WARN_UNREACHABLE_CODE = YES;
				CLANG_WARN__DUPLICATE_METHOD_MATCH = YES;
				COPY_PHASE_STRIP = NO;
				DEBUG_INFORMATION_FORMAT = "dwarf-with-dsym";
				ENABLE_NS_ASSERTIONS = NO;
				ENABLE_STRICT_OBJC_MSGSEND = YES;
				GCC_C_LANGUAGE_STANDARD = gnu11;
				GCC_NO_COMMON_BLOCKS = YES;
				GCC_WARN_64_TO_32_BIT_CONVERSION = YES;
				GCC_WARN_ABOUT_RETURN_TYPE = YES_ERROR;
				GCC_WARN_UNDECLARED_SELECTOR = YES;
				GCC_WARN_UNINITIALIZED_AUTOS = YES_AGGRESSIVE;
				GCC_WARN_UNUSED_FUNCTION = YES;
				GCC_WARN_UNUSED_VARIABLE = YES;
				IPHONEOS_DEPLOYMENT_TARGET = 16.2;
				MTL_ENABLE_DEBUG_INFO = NO;
				MTL_FAST_MATH = YES;
				SDKROOT = iphoneos;
				SWIFT_COMPILATION_MODE = wholemodule;
				SWIFT_OPTIMIZATION_LEVEL = "-O";
				VALIDATE_PRODUCT = YES;
			};
			name = Release;
		};
		509924C329BDF2EE003D49F7 /* Debug */ = {
			isa = XCBuildConfiguration;
			buildSettings = {
				ASSETCATALOG_COMPILER_APPICON_NAME = AppIcon;
				ASSETCATALOG_COMPILER_GLOBAL_ACCENT_COLOR_NAME = AccentColor;
				CODE_SIGN_STYLE = Automatic;
				CURRENT_PROJECT_VERSION = 1;
				DEVELOPMENT_ASSET_PATHS = "\"SIGN_GENIUS/Preview Content\"";
				DEVELOPMENT_TEAM = R7GWR83FG9;
				ENABLE_PREVIEWS = YES;
				GENERATE_INFOPLIST_FILE = YES;
				INFOPLIST_KEY_CFBundleDisplayName = "Sign genius";
				INFOPLIST_KEY_UIApplicationSceneManifest_Generation = YES;
				INFOPLIST_KEY_UIApplicationSupportsIndirectInputEvents = YES;
				INFOPLIST_KEY_UILaunchScreen_Generation = YES;
				INFOPLIST_KEY_UISupportedInterfaceOrientations_iPad = "UIInterfaceOrientationPortrait UIInterfaceOrientationPortraitUpsideDown UIInterfaceOrientationLandscapeLeft UIInterfaceOrientationLandscapeRight";
				INFOPLIST_KEY_UISupportedInterfaceOrientations_iPhone = "UIInterfaceOrientationPortrait UIInterfaceOrientationLandscapeLeft UIInterfaceOrientationLandscapeRight";
				LD_RUNPATH_SEARCH_PATHS = (
					"$(inherited)",
					"@executable_path/Frameworks",
				);
				MARKETING_VERSION = 1.0;
				PRODUCT_BUNDLE_IDENTIFIER = "com.sign-genius.SIGN-GENIUS";
				PRODUCT_NAME = "$(TARGET_NAME)";
				SWIFT_EMIT_LOC_STRINGS = YES;
				SWIFT_VERSION = 5.0;
				TARGETED_DEVICE_FAMILY = "1,2";
			};
			name = Debug;
		};
		509924C429BDF2EE003D49F7 /* Release */ = {
			isa = XCBuildConfiguration;
			buildSettings = {
				ASSETCATALOG_COMPILER_APPICON_NAME = AppIcon;
				ASSETCATALOG_COMPILER_GLOBAL_ACCENT_COLOR_NAME = AccentColor;
				CODE_SIGN_STYLE = Automatic;
				CURRENT_PROJECT_VERSION = 1;
				DEVELOPMENT_ASSET_PATHS = "\"SIGN_GENIUS/Preview Content\"";
				DEVELOPMENT_TEAM = R7GWR83FG9;
				ENABLE_PREVIEWS = YES;
				GENERATE_INFOPLIST_FILE = YES;
				INFOPLIST_KEY_CFBundleDisplayName = "Sign genius";
				INFOPLIST_KEY_UIApplicationSceneManifest_Generation = YES;
				INFOPLIST_KEY_UIApplicationSupportsIndirectInputEvents = YES;
				INFOPLIST_KEY_UILaunchScreen_Generation = YES;
				INFOPLIST_KEY_UISupportedInterfaceOrientations_iPad = "UIInterfaceOrientationPortrait UIInterfaceOrientationPortraitUpsideDown UIInterfaceOrientationLandscapeLeft UIInterfaceOrientationLandscapeRight";
				INFOPLIST_KEY_UISupportedInterfaceOrientations_iPhone = "UIInterfaceOrientationPortrait UIInterfaceOrientationLandscapeLeft UIInterfaceOrientationLandscapeRight";
				LD_RUNPATH_SEARCH_PATHS = (
					"$(inherited)",
					"@executable_path/Frameworks",
				);
				MARKETING_VERSION = 1.0;
				PRODUCT_BUNDLE_IDENTIFIER = "com.sign-genius.SIGN-GENIUS";
				PRODUCT_NAME = "$(TARGET_NAME)";
				SWIFT_EMIT_LOC_STRINGS = YES;
				SWIFT_VERSION = 5.0;
				TARGETED_DEVICE_FAMILY = "1,2";
			};
			name = Release;
		};
		509924C629BDF2EE003D49F7 /* Debug */ = {
			isa = XCBuildConfiguration;
			buildSettings = {
				ALWAYS_EMBED_SWIFT_STANDARD_LIBRARIES = YES;
				BUNDLE_LOADER = "$(TEST_HOST)";
				CODE_SIGN_STYLE = Automatic;
				CURRENT_PROJECT_VERSION = 1;
				DEVELOPMENT_TEAM = R7GWR83FG9;
				GENERATE_INFOPLIST_FILE = YES;
				IPHONEOS_DEPLOYMENT_TARGET = 16.2;
				MARKETING_VERSION = 1.0;
				PRODUCT_BUNDLE_IDENTIFIER = "com.sign-genius.SIGN-GENIUSTests";
				PRODUCT_NAME = "$(TARGET_NAME)";
				SWIFT_EMIT_LOC_STRINGS = NO;
				SWIFT_VERSION = 5.0;
				TARGETED_DEVICE_FAMILY = "1,2";
				TEST_HOST = "$(BUILT_PRODUCTS_DIR)/SIGN_GENIUS.app/$(BUNDLE_EXECUTABLE_FOLDER_PATH)/SIGN_GENIUS";
			};
			name = Debug;
		};
		509924C729BDF2EE003D49F7 /* Release */ = {
			isa = XCBuildConfiguration;
			buildSettings = {
				ALWAYS_EMBED_SWIFT_STANDARD_LIBRARIES = YES;
				BUNDLE_LOADER = "$(TEST_HOST)";
				CODE_SIGN_STYLE = Automatic;
				CURRENT_PROJECT_VERSION = 1;
				DEVELOPMENT_TEAM = R7GWR83FG9;
				GENERATE_INFOPLIST_FILE = YES;
				IPHONEOS_DEPLOYMENT_TARGET = 16.2;
				MARKETING_VERSION = 1.0;
				PRODUCT_BUNDLE_IDENTIFIER = "com.sign-genius.SIGN-GENIUSTests";
				PRODUCT_NAME = "$(TARGET_NAME)";
				SWIFT_EMIT_LOC_STRINGS = NO;
				SWIFT_VERSION = 5.0;
				TARGETED_DEVICE_FAMILY = "1,2";
				TEST_HOST = "$(BUILT_PRODUCTS_DIR)/SIGN_GENIUS.app/$(BUNDLE_EXECUTABLE_FOLDER_PATH)/SIGN_GENIUS";
			};
			name = Release;
		};
		509924C929BDF2EE003D49F7 /* Debug */ = {
			isa = XCBuildConfiguration;
			buildSettings = {
				ALWAYS_EMBED_SWIFT_STANDARD_LIBRARIES = YES;
				CODE_SIGN_STYLE = Automatic;
				CURRENT_PROJECT_VERSION = 1;
				DEVELOPMENT_TEAM = R7GWR83FG9;
				GENERATE_INFOPLIST_FILE = YES;
				MARKETING_VERSION = 1.0;
				PRODUCT_BUNDLE_IDENTIFIER = "com.sign-genius.SIGN-GENIUSUITests";
				PRODUCT_NAME = "$(TARGET_NAME)";
				SWIFT_EMIT_LOC_STRINGS = NO;
				SWIFT_VERSION = 5.0;
				TARGETED_DEVICE_FAMILY = "1,2";
				TEST_TARGET_NAME = SIGN_GENIUS;
			};
			name = Debug;
		};
		509924CA29BDF2EE003D49F7 /* Release */ = {
			isa = XCBuildConfiguration;
			buildSettings = {
				ALWAYS_EMBED_SWIFT_STANDARD_LIBRARIES = YES;
				CODE_SIGN_STYLE = Automatic;
				CURRENT_PROJECT_VERSION = 1;
				DEVELOPMENT_TEAM = R7GWR83FG9;
				GENERATE_INFOPLIST_FILE = YES;
				MARKETING_VERSION = 1.0;
				PRODUCT_BUNDLE_IDENTIFIER = "com.sign-genius.SIGN-GENIUSUITests";
				PRODUCT_NAME = "$(TARGET_NAME)";
				SWIFT_EMIT_LOC_STRINGS = NO;
				SWIFT_VERSION = 5.0;
				TARGETED_DEVICE_FAMILY = "1,2";
				TEST_TARGET_NAME = SIGN_GENIUS;
			};
			name = Release;
		};
/* End XCBuildConfiguration section */

/* Begin XCConfigurationList section */
		5099249929BDF2ED003D49F7 /* Build configuration list for PBXProject "SIGN_GENIUS" */ = {
			isa = XCConfigurationList;
			buildConfigurations = (
				509924C029BDF2EE003D49F7 /* Debug */,
				509924C129BDF2EE003D49F7 /* Release */,
			);
			defaultConfigurationIsVisible = 0;
			defaultConfigurationName = Release;
		};
		509924C229BDF2EE003D49F7 /* Build configuration list for PBXNativeTarget "SIGN_GENIUS" */ = {
			isa = XCConfigurationList;
			buildConfigurations = (
				509924C329BDF2EE003D49F7 /* Debug */,
				509924C429BDF2EE003D49F7 /* Release */,
			);
			defaultConfigurationIsVisible = 0;
			defaultConfigurationName = Release;
		};
		509924C529BDF2EE003D49F7 /* Build configuration list for PBXNativeTarget "SIGN_GENIUSTests" */ = {
			isa = XCConfigurationList;
			buildConfigurations = (
				509924C629BDF2EE003D49F7 /* Debug */,
				509924C729BDF2EE003D49F7 /* Release */,
			);
			defaultConfigurationIsVisible = 0;
			defaultConfigurationName = Release;
		};
		509924C829BDF2EE003D49F7 /* Build configuration list for PBXNativeTarget "SIGN_GENIUSUITests" */ = {
			isa = XCConfigurationList;
			buildConfigurations = (
				509924C929BDF2EE003D49F7 /* Debug */,
				509924CA29BDF2EE003D49F7 /* Release */,
			);
			defaultConfigurationIsVisible = 0;
			defaultConfigurationName = Release;
		};
/* End XCConfigurationList section */

/* Begin XCRemoteSwiftPackageReference section */
		509924CD29BE0089003D49F7 /* XCRemoteSwiftPackageReference "firebase-ios-sdk" */ = {
			isa = XCRemoteSwiftPackageReference;
			repositoryURL = "https://github.com/firebase/firebase-ios-sdk";
			requirement = {
				kind = upToNextMajorVersion;
				minimumVersion = 9.0.0;
			};
		};
/* End XCRemoteSwiftPackageReference section */

/* Begin XCSwiftPackageProductDependency section */
		509924CE29BE0089003D49F7 /* FirebaseAnalytics */ = {
			isa = XCSwiftPackageProductDependency;
			package = 509924CD29BE0089003D49F7 /* XCRemoteSwiftPackageReference "firebase-ios-sdk" */;
			productName = FirebaseAnalytics;
		};
		509924D029BE0089003D49F7 /* FirebaseAnalyticsSwift */ = {
			isa = XCSwiftPackageProductDependency;
			package = 509924CD29BE0089003D49F7 /* XCRemoteSwiftPackageReference "firebase-ios-sdk" */;
			productName = FirebaseAnalyticsSwift;
		};
		509924D229BE008A003D49F7 /* FirebaseAuth */ = {
			isa = XCSwiftPackageProductDependency;
			package = 509924CD29BE0089003D49F7 /* XCRemoteSwiftPackageReference "firebase-ios-sdk" */;
			productName = FirebaseAuth;
		};
		509924D429BE008A003D49F7 /* FirebaseCrashlytics */ = {
			isa = XCSwiftPackageProductDependency;
			package = 509924CD29BE0089003D49F7 /* XCRemoteSwiftPackageReference "firebase-ios-sdk" */;
			productName = FirebaseCrashlytics;
		};
		509924D629BE008A003D49F7 /* FirebaseFirestore */ = {
			isa = XCSwiftPackageProductDependency;
			package = 509924CD29BE0089003D49F7 /* XCRemoteSwiftPackageReference "firebase-ios-sdk" */;
			productName = FirebaseFirestore;
		};
/* End XCSwiftPackageProductDependency section */
	};
	rootObject = 5099249629BDF2ED003D49F7 /* Project object */;
}
