// !$*UTF8*$!
{
	archiveVersion = 1;
	classes = {
	};
	objectVersion = 56;
	objects = {

/* Begin PBXBuildFile section */
		500711442A2D2FD200CFF63B /* DrawingBoundingBoxView.swift in Sources */ = {isa = PBXBuildFile; fileRef = 500711432A2D2FD200CFF63B /* DrawingBoundingBoxView.swift */; };
		503E23122A140DA6000A4F67 /* handDectection.mlmodel in Sources */ = {isa = PBXBuildFile; fileRef = 503E23102A140DA6000A4F67 /* handDectection.mlmodel */; };
		503E23132A140DA6000A4F67 /* handClasification.mlmodel in Sources */ = {isa = PBXBuildFile; fileRef = 503E23112A140DA6000A4F67 /* handClasification.mlmodel */; };
		507B05AD2A1009610089188D /* SplashView.swift in Sources */ = {isa = PBXBuildFile; fileRef = 507B05AC2A1009610089188D /* SplashView.swift */; };
		507B05B02A1009B40089188D /* SwiftUIView.swift in Sources */ = {isa = PBXBuildFile; fileRef = 507B05AF2A1009B40089188D /* SwiftUIView.swift */; };
		508114392A2D0084003E3F07 /* MainViewController.swift in Sources */ = {isa = PBXBuildFile; fileRef = 508114382A2D0084003E3F07 /* MainViewController.swift */; };
		5081143C2A2D01CD003E3F07 /* MainViewController.storyboard in Resources */ = {isa = PBXBuildFile; fileRef = 5081143A2A2D01CD003E3F07 /* MainViewController.storyboard */; };
		5096603F2A101308001D85D3 /* AppState.swift in Sources */ = {isa = PBXBuildFile; fileRef = 5096603E2A101308001D85D3 /* AppState.swift */; };
		509660412A101325001D85D3 /* User.swift in Sources */ = {isa = PBXBuildFile; fileRef = 509660402A101325001D85D3 /* User.swift */; };
		509660442A10139F001D85D3 /* AuthAPI.swift in Sources */ = {isa = PBXBuildFile; fileRef = 509660432A10139F001D85D3 /* AuthAPI.swift */; };
		509660462A1013AF001D85D3 /* AuthService.swift in Sources */ = {isa = PBXBuildFile; fileRef = 509660452A1013AF001D85D3 /* AuthService.swift */; };
		509660482A10145E001D85D3 /* StatusViewModel.swift in Sources */ = {isa = PBXBuildFile; fileRef = 509660472A10145E001D85D3 /* StatusViewModel.swift */; };
		5096604A2A10147F001D85D3 /* SignUpViewModel.swift in Sources */ = {isa = PBXBuildFile; fileRef = 509660492A10147F001D85D3 /* SignUpViewModel.swift */; };
		5096604C2A101491001D85D3 /* SignInViewModel.swift in Sources */ = {isa = PBXBuildFile; fileRef = 5096604B2A101491001D85D3 /* SignInViewModel.swift */; };
		5096604F2A1015F7001D85D3 /* Preview Assets.xcassets in Resources */ = {isa = PBXBuildFile; fileRef = 5096604E2A1015F7001D85D3 /* Preview Assets.xcassets */; };
		509660512A101704001D85D3 /* UIColorExt.swift in Sources */ = {isa = PBXBuildFile; fileRef = 509660502A101704001D85D3 /* UIColorExt.swift */; };
		509660542A101B99001D85D3 /* CustomModifier.swift in Sources */ = {isa = PBXBuildFile; fileRef = 509660532A101B99001D85D3 /* CustomModifier.swift */; };
		509660562A101BAE001D85D3 /* CustomTextField.swift in Sources */ = {isa = PBXBuildFile; fileRef = 509660552A101BAE001D85D3 /* CustomTextField.swift */; };
		509660582A10ED48001D85D3 /* WelcomeView.swift in Sources */ = {isa = PBXBuildFile; fileRef = 509660572A10ED48001D85D3 /* WelcomeView.swift */; };
		5096605B2A10F00B001D85D3 /* Localizable.strings in Resources */ = {isa = PBXBuildFile; fileRef = 5096605D2A10F00B001D85D3 /* Localizable.strings */; };
		509660632A110270001D85D3 /* SignUpView.swift in Sources */ = {isa = PBXBuildFile; fileRef = 509660622A110270001D85D3 /* SignUpView.swift */; };
		509660652A1102A6001D85D3 /* Login.swift in Sources */ = {isa = PBXBuildFile; fileRef = 509660642A1102A6001D85D3 /* Login.swift */; };
		509660672A1102E0001D85D3 /* MainView.swift in Sources */ = {isa = PBXBuildFile; fileRef = 509660662A1102E0001D85D3 /* MainView.swift */; };
		509924A229BDF2ED003D49F7 /* SignGeniusApp.swift in Sources */ = {isa = PBXBuildFile; fileRef = 509924A129BDF2ED003D49F7 /* SignGeniusApp.swift */; };
		509924A629BDF2EE003D49F7 /* Assets.xcassets in Resources */ = {isa = PBXBuildFile; fileRef = 509924A529BDF2EE003D49F7 /* Assets.xcassets */; };
		509924CC29BDFF8B003D49F7 /* GoogleService-Info.plist in Resources */ = {isa = PBXBuildFile; fileRef = 509924CB29BDFF8B003D49F7 /* GoogleService-Info.plist */; };
		509924CF29BE0089003D49F7 /* FirebaseAnalytics in Frameworks */ = {isa = PBXBuildFile; productRef = 509924CE29BE0089003D49F7 /* FirebaseAnalytics */; };
		509924D129BE008A003D49F7 /* FirebaseAnalyticsSwift in Frameworks */ = {isa = PBXBuildFile; productRef = 509924D029BE0089003D49F7 /* FirebaseAnalyticsSwift */; };
		509924D329BE008A003D49F7 /* FirebaseAuth in Frameworks */ = {isa = PBXBuildFile; productRef = 509924D229BE008A003D49F7 /* FirebaseAuth */; };
		509924D529BE008A003D49F7 /* FirebaseCrashlytics in Frameworks */ = {isa = PBXBuildFile; productRef = 509924D429BE008A003D49F7 /* FirebaseCrashlytics */; };
		509924D729BE008A003D49F7 /* FirebaseFirestore in Frameworks */ = {isa = PBXBuildFile; productRef = 509924D629BE008A003D49F7 /* FirebaseFirestore */; };
		50D58CC129CDFF0F00755B12 /* VideoCapture.swift in Sources */ = {isa = PBXBuildFile; fileRef = 50D58CC029CDFF0F00755B12 /* VideoCapture.swift */; };
/* End PBXBuildFile section */

/* Begin PBXFileReference section */
		500711432A2D2FD200CFF63B /* DrawingBoundingBoxView.swift */ = {isa = PBXFileReference; fileEncoding = 4; lastKnownFileType = sourcecode.swift; path = DrawingBoundingBoxView.swift; sourceTree = "<group>"; };
		503E23102A140DA6000A4F67 /* handDectection.mlmodel */ = {isa = PBXFileReference; lastKnownFileType = file.mlmodel; path = handDectection.mlmodel; sourceTree = "<group>"; };
		503E23112A140DA6000A4F67 /* handClasification.mlmodel */ = {isa = PBXFileReference; lastKnownFileType = file.mlmodel; path = handClasification.mlmodel; sourceTree = "<group>"; };
		507B05AC2A1009610089188D /* SplashView.swift */ = {isa = PBXFileReference; lastKnownFileType = sourcecode.swift; path = SplashView.swift; sourceTree = "<group>"; };
		507B05AF2A1009B40089188D /* SwiftUIView.swift */ = {isa = PBXFileReference; lastKnownFileType = sourcecode.swift; path = SwiftUIView.swift; sourceTree = "<group>"; };
		508114382A2D0084003E3F07 /* MainViewController.swift */ = {isa = PBXFileReference; lastKnownFileType = sourcecode.swift; path = MainViewController.swift; sourceTree = "<group>"; };
		5081143B2A2D01CD003E3F07 /* Base */ = {isa = PBXFileReference; lastKnownFileType = file.storyboard; name = Base; path = "../../../Pro_recognizer/ObjectDetection-CoreML/Base.lproj/MainViewController.storyboard"; sourceTree = "<group>"; };
		5096603E2A101308001D85D3 /* AppState.swift */ = {isa = PBXFileReference; lastKnownFileType = sourcecode.swift; path = AppState.swift; sourceTree = "<group>"; };
		509660402A101325001D85D3 /* User.swift */ = {isa = PBXFileReference; lastKnownFileType = sourcecode.swift; path = User.swift; sourceTree = "<group>"; };
		509660432A10139F001D85D3 /* AuthAPI.swift */ = {isa = PBXFileReference; lastKnownFileType = sourcecode.swift; path = AuthAPI.swift; sourceTree = "<group>"; };
		509660452A1013AF001D85D3 /* AuthService.swift */ = {isa = PBXFileReference; lastKnownFileType = sourcecode.swift; path = AuthService.swift; sourceTree = "<group>"; };
		509660472A10145E001D85D3 /* StatusViewModel.swift */ = {isa = PBXFileReference; lastKnownFileType = sourcecode.swift; path = StatusViewModel.swift; sourceTree = "<group>"; };
		509660492A10147F001D85D3 /* SignUpViewModel.swift */ = {isa = PBXFileReference; lastKnownFileType = sourcecode.swift; path = SignUpViewModel.swift; sourceTree = "<group>"; };
		5096604B2A101491001D85D3 /* SignInViewModel.swift */ = {isa = PBXFileReference; lastKnownFileType = sourcecode.swift; path = SignInViewModel.swift; sourceTree = "<group>"; };
		5096604E2A1015F7001D85D3 /* Preview Assets.xcassets */ = {isa = PBXFileReference; lastKnownFileType = folder.assetcatalog; path = "Preview Assets.xcassets"; sourceTree = "<group>"; };
		509660502A101704001D85D3 /* UIColorExt.swift */ = {isa = PBXFileReference; lastKnownFileType = sourcecode.swift; path = UIColorExt.swift; sourceTree = "<group>"; };
		509660532A101B99001D85D3 /* CustomModifier.swift */ = {isa = PBXFileReference; lastKnownFileType = sourcecode.swift; path = CustomModifier.swift; sourceTree = "<group>"; };
		509660552A101BAE001D85D3 /* CustomTextField.swift */ = {isa = PBXFileReference; lastKnownFileType = sourcecode.swift; path = CustomTextField.swift; sourceTree = "<group>"; };
		509660572A10ED48001D85D3 /* WelcomeView.swift */ = {isa = PBXFileReference; lastKnownFileType = sourcecode.swift; path = WelcomeView.swift; sourceTree = "<group>"; };
		5096605C2A10F00B001D85D3 /* en */ = {isa = PBXFileReference; lastKnownFileType = text.plist.strings; name = en; path = en.lproj/Localizable.strings; sourceTree = "<group>"; };
		5096605F2A10FAAE001D85D3 /* es */ = {isa = PBXFileReference; lastKnownFileType = text.plist.strings; name = es; path = es.lproj/Localizable.strings; sourceTree = "<group>"; };
		509660622A110270001D85D3 /* SignUpView.swift */ = {isa = PBXFileReference; lastKnownFileType = sourcecode.swift; path = SignUpView.swift; sourceTree = "<group>"; };
		509660642A1102A6001D85D3 /* Login.swift */ = {isa = PBXFileReference; lastKnownFileType = sourcecode.swift; path = Login.swift; sourceTree = "<group>"; };
		509660662A1102E0001D85D3 /* MainView.swift */ = {isa = PBXFileReference; lastKnownFileType = sourcecode.swift; path = MainView.swift; sourceTree = "<group>"; };
		5096606A2A110945001D85D3 /* SIGN-GENIUS-Info.plist */ = {isa = PBXFileReference; lastKnownFileType = text.plist; path = "SIGN-GENIUS-Info.plist"; sourceTree = SOURCE_ROOT; };
		5099249E29BDF2ED003D49F7 /* SIGN_GENIUS.app */ = {isa = PBXFileReference; explicitFileType = wrapper.application; includeInIndex = 0; path = SIGN_GENIUS.app; sourceTree = BUILT_PRODUCTS_DIR; };
		509924A129BDF2ED003D49F7 /* SignGeniusApp.swift */ = {isa = PBXFileReference; lastKnownFileType = sourcecode.swift; path = SignGeniusApp.swift; sourceTree = "<group>"; };
		509924A529BDF2EE003D49F7 /* Assets.xcassets */ = {isa = PBXFileReference; lastKnownFileType = folder.assetcatalog; path = Assets.xcassets; sourceTree = "<group>"; };
		509924CB29BDFF8B003D49F7 /* GoogleService-Info.plist */ = {isa = PBXFileReference; fileEncoding = 4; lastKnownFileType = text.plist.xml; path = "GoogleService-Info.plist"; sourceTree = "<group>"; };
		50D58CC029CDFF0F00755B12 /* VideoCapture.swift */ = {isa = PBXFileReference; lastKnownFileType = sourcecode.swift; path = VideoCapture.swift; sourceTree = "<group>"; };
/* End PBXFileReference section */

/* Begin PBXFrameworksBuildPhase section */
		5099249B29BDF2ED003D49F7 /* Frameworks */ = {
			isa = PBXFrameworksBuildPhase;
			buildActionMask = 2147483647;
			files = (
				509924D129BE008A003D49F7 /* FirebaseAnalyticsSwift in Frameworks */,
				509924D529BE008A003D49F7 /* FirebaseCrashlytics in Frameworks */,
				509924D329BE008A003D49F7 /* FirebaseAuth in Frameworks */,
				509924D729BE008A003D49F7 /* FirebaseFirestore in Frameworks */,
				509924CF29BE0089003D49F7 /* FirebaseAnalytics in Frameworks */,
			);
			runOnlyForDeploymentPostprocessing = 0;
		};
/* End PBXFrameworksBuildPhase section */

/* Begin PBXGroup section */
		504FDECE29F9B99F00DD7E99 /* ViewModel */ = {
			isa = PBXGroup;
			children = (
				509660472A10145E001D85D3 /* StatusViewModel.swift */,
				509660492A10147F001D85D3 /* SignUpViewModel.swift */,
				5096604B2A101491001D85D3 /* SignInViewModel.swift */,
			);
			path = ViewModel;
			sourceTree = "<group>";
		};
		504FDECF29F9B9B300DD7E99 /* View */ = {
			isa = PBXGroup;
			children = (
				507B05AC2A1009610089188D /* SplashView.swift */,
				509660572A10ED48001D85D3 /* WelcomeView.swift */,
				509660622A110270001D85D3 /* SignUpView.swift */,
				509660642A1102A6001D85D3 /* Login.swift */,
				509660662A1102E0001D85D3 /* MainView.swift */,
				508114382A2D0084003E3F07 /* MainViewController.swift */,
				5081143A2A2D01CD003E3F07 /* MainViewController.storyboard */,
				500711432A2D2FD200CFF63B /* DrawingBoundingBoxView.swift */,
			);
			path = View;
			sourceTree = "<group>";
		};
		504FDED029F9B9C300DD7E99 /* Model */ = {
			isa = PBXGroup;
			children = (
				509660402A101325001D85D3 /* User.swift */,
			);
			path = Model;
			sourceTree = "<group>";
		};
		504FDED129F9B9DA00DD7E99 /* Configuration */ = {
			isa = PBXGroup;
			children = (
				507B05AF2A1009B40089188D /* SwiftUIView.swift */,
				5096603E2A101308001D85D3 /* AppState.swift */,
				509660502A101704001D85D3 /* UIColorExt.swift */,
				5096605D2A10F00B001D85D3 /* Localizable.strings */,
			);
			path = Configuration;
			sourceTree = "<group>";
		};
		504FDED329F9BA2F00DD7E99 /* App */ = {
			isa = PBXGroup;
			children = (
				509924A129BDF2ED003D49F7 /* SignGeniusApp.swift */,
				509924CB29BDFF8B003D49F7 /* GoogleService-Info.plist */,
			);
			path = App;
			sourceTree = "<group>";
		};
		509660422A10135D001D85D3 /* Service */ = {
			isa = PBXGroup;
			children = (
				509660432A10139F001D85D3 /* AuthAPI.swift */,
				509660452A1013AF001D85D3 /* AuthService.swift */,
			);
			path = Service;
			sourceTree = "<group>";
		};
		5096604D2A1015BD001D85D3 /* Preview Content */ = {
			isa = PBXGroup;
			children = (
				5096604E2A1015F7001D85D3 /* Preview Assets.xcassets */,
			);
			path = "Preview Content";
			sourceTree = "<group>";
		};
		509660522A101B68001D85D3 /* Components */ = {
			isa = PBXGroup;
			children = (
				509660532A101B99001D85D3 /* CustomModifier.swift */,
				509660552A101BAE001D85D3 /* CustomTextField.swift */,
			);
			path = Components;
			sourceTree = "<group>";
		};
		5099249529BDF2ED003D49F7 = {
			isa = PBXGroup;
			children = (
				509924A029BDF2ED003D49F7 /* SIGN_GENIUS */,
				5099249F29BDF2ED003D49F7 /* Products */,
			);
			sourceTree = "<group>";
		};
		5099249F29BDF2ED003D49F7 /* Products */ = {
			isa = PBXGroup;
			children = (
				5099249E29BDF2ED003D49F7 /* SIGN_GENIUS.app */,
			);
			name = Products;
			sourceTree = "<group>";
		};
		509924A029BDF2ED003D49F7 /* SIGN_GENIUS */ = {
			isa = PBXGroup;
			children = (
				5096606A2A110945001D85D3 /* SIGN-GENIUS-Info.plist */,
				509660522A101B68001D85D3 /* Components */,
				5096604D2A1015BD001D85D3 /* Preview Content */,
				504FDED329F9BA2F00DD7E99 /* App */,
				504FDED129F9B9DA00DD7E99 /* Configuration */,
				509660422A10135D001D85D3 /* Service */,
				504FDED029F9B9C300DD7E99 /* Model */,
				504FDECF29F9B9B300DD7E99 /* View */,
				504FDECE29F9B99F00DD7E99 /* ViewModel */,
				50D58CBF29CDFEFA00755B12 /* Utils */,
				50D58CBE29CDFED900755B12 /* mlmodel */,
				509924A529BDF2EE003D49F7 /* Assets.xcassets */,
			);
			path = SIGN_GENIUS;
			sourceTree = "<group>";
		};
		50D58CBE29CDFED900755B12 /* mlmodel */ = {
			isa = PBXGroup;
			children = (
				503E23112A140DA6000A4F67 /* handClasification.mlmodel */,
				503E23102A140DA6000A4F67 /* handDectection.mlmodel */,
			);
			path = mlmodel;
			sourceTree = "<group>";
		};
		50D58CBF29CDFEFA00755B12 /* Utils */ = {
			isa = PBXGroup;
			children = (
				50D58CC029CDFF0F00755B12 /* VideoCapture.swift */,
			);
			path = Utils;
			sourceTree = "<group>";
		};
/* End PBXGroup section */

/* Begin PBXNativeTarget section */
		5099249D29BDF2ED003D49F7 /* SIGN_GENIUS */ = {
			isa = PBXNativeTarget;
			buildConfigurationList = 509924C229BDF2EE003D49F7 /* Build configuration list for PBXNativeTarget "SIGN_GENIUS" */;
			buildPhases = (
				5099249A29BDF2ED003D49F7 /* Sources */,
				5099249B29BDF2ED003D49F7 /* Frameworks */,
				5099249C29BDF2ED003D49F7 /* Resources */,
			);
			buildRules = (
			);
			dependencies = (
			);
			name = SIGN_GENIUS;
			packageProductDependencies = (
				509924CE29BE0089003D49F7 /* FirebaseAnalytics */,
				509924D029BE0089003D49F7 /* FirebaseAnalyticsSwift */,
				509924D229BE008A003D49F7 /* FirebaseAuth */,
				509924D429BE008A003D49F7 /* FirebaseCrashlytics */,
				509924D629BE008A003D49F7 /* FirebaseFirestore */,
			);
			productName = SIGN_GENIUS;
			productReference = 5099249E29BDF2ED003D49F7 /* SIGN_GENIUS.app */;
			productType = "com.apple.product-type.application";
		};
/* End PBXNativeTarget section */

/* Begin PBXProject section */
		5099249629BDF2ED003D49F7 /* Project object */ = {
			isa = PBXProject;
			attributes = {
				BuildIndependentTargetsInParallel = 1;
				LastSwiftUpdateCheck = 1420;
				LastUpgradeCheck = 1420;
				TargetAttributes = {
					5099249D29BDF2ED003D49F7 = {
						CreatedOnToolsVersion = 14.2;
					};
				};
			};
			buildConfigurationList = 5099249929BDF2ED003D49F7 /* Build configuration list for PBXProject "SIGN_GENIUS" */;
			compatibilityVersion = "Xcode 14.0";
			developmentRegion = en;
			hasScannedForEncodings = 0;
			knownRegions = (
				en,
				es,
				Base,
			);
			mainGroup = 5099249529BDF2ED003D49F7;
			packageReferences = (
				509924CD29BE0089003D49F7 /* XCRemoteSwiftPackageReference "firebase-ios-sdk" */,
			);
			productRefGroup = 5099249F29BDF2ED003D49F7 /* Products */;
			projectDirPath = "";
			projectRoot = "";
			targets = (
				5099249D29BDF2ED003D49F7 /* SIGN_GENIUS */,
			);
		};
/* End PBXProject section */

/* Begin PBXResourcesBuildPhase section */
		5099249C29BDF2ED003D49F7 /* Resources */ = {
			isa = PBXResourcesBuildPhase;
			buildActionMask = 2147483647;
			files = (
				509924A629BDF2EE003D49F7 /* Assets.xcassets in Resources */,
				5081143C2A2D01CD003E3F07 /* MainViewController.storyboard in Resources */,
				5096605B2A10F00B001D85D3 /* Localizable.strings in Resources */,
				5096604F2A1015F7001D85D3 /* Preview Assets.xcassets in Resources */,
				509924CC29BDFF8B003D49F7 /* GoogleService-Info.plist in Resources */,
			);
			runOnlyForDeploymentPostprocessing = 0;
		};
/* End PBXResourcesBuildPhase section */

/* Begin PBXSourcesBuildPhase section */
		5099249A29BDF2ED003D49F7 /* Sources */ = {
			isa = PBXSourcesBuildPhase;
			buildActionMask = 2147483647;
			files = (
				509660482A10145E001D85D3 /* StatusViewModel.swift in Sources */,
				509660442A10139F001D85D3 /* AuthAPI.swift in Sources */,
				500711442A2D2FD200CFF63B /* DrawingBoundingBoxView.swift in Sources */,
				503E23132A140DA6000A4F67 /* handClasification.mlmodel in Sources */,
				5096604C2A101491001D85D3 /* SignInViewModel.swift in Sources */,
				509660632A110270001D85D3 /* SignUpView.swift in Sources */,
				507B05AD2A1009610089188D /* SplashView.swift in Sources */,
				5096604A2A10147F001D85D3 /* SignUpViewModel.swift in Sources */,
				507B05B02A1009B40089188D /* SwiftUIView.swift in Sources */,
				509660652A1102A6001D85D3 /* Login.swift in Sources */,
				509660542A101B99001D85D3 /* CustomModifier.swift in Sources */,
				50D58CC129CDFF0F00755B12 /* VideoCapture.swift in Sources */,
				503E23122A140DA6000A4F67 /* handDectection.mlmodel in Sources */,
				509660582A10ED48001D85D3 /* WelcomeView.swift in Sources */,
				509660412A101325001D85D3 /* User.swift in Sources */,
				509660672A1102E0001D85D3 /* MainView.swift in Sources */,
				509660562A101BAE001D85D3 /* CustomTextField.swift in Sources */,
				509924A229BDF2ED003D49F7 /* SignGeniusApp.swift in Sources */,
				509660512A101704001D85D3 /* UIColorExt.swift in Sources */,
				508114392A2D0084003E3F07 /* MainViewController.swift in Sources */,
				5096603F2A101308001D85D3 /* AppState.swift in Sources */,
				509660462A1013AF001D85D3 /* AuthService.swift in Sources */,
			);
			runOnlyForDeploymentPostprocessing = 0;
		};
/* End PBXSourcesBuildPhase section */

/* Begin PBXVariantGroup section */
		5081143A2A2D01CD003E3F07 /* MainViewController.storyboard */ = {
			isa = PBXVariantGroup;
			children = (
				5081143B2A2D01CD003E3F07 /* Base */,
			);
			name = MainViewController.storyboard;
			sourceTree = "<group>";
		};
		5096605D2A10F00B001D85D3 /* Localizable.strings */ = {
			isa = PBXVariantGroup;
			children = (
				5096605C2A10F00B001D85D3 /* en */,
				5096605F2A10FAAE001D85D3 /* es */,
			);
			name = Localizable.strings;
			sourceTree = "<group>";
		};
/* End PBXVariantGroup section */

/* Begin XCBuildConfiguration section */
		509924C029BDF2EE003D49F7 /* Debug */ = {
			isa = XCBuildConfiguration;
			buildSettings = {
				ALWAYS_SEARCH_USER_PATHS = NO;
				CLANG_ANALYZER_LOCALIZABILITY_NONLOCALIZED = YES;
				CLANG_ANALYZER_NONNULL = YES;
				CLANG_ANALYZER_NUMBER_OBJECT_CONVERSION = YES_AGGRESSIVE;
				CLANG_CXX_LANGUAGE_STANDARD = "gnu++20";
				CLANG_ENABLE_MODULES = YES;
				CLANG_ENABLE_OBJC_ARC = YES;
				CLANG_ENABLE_OBJC_WEAK = YES;
				CLANG_WARN_BLOCK_CAPTURE_AUTORELEASING = YES;
				CLANG_WARN_BOOL_CONVERSION = YES;
				CLANG_WARN_COMMA = YES;
				CLANG_WARN_CONSTANT_CONVERSION = YES;
				CLANG_WARN_DEPRECATED_OBJC_IMPLEMENTATIONS = YES;
				CLANG_WARN_DIRECT_OBJC_ISA_USAGE = YES_ERROR;
				CLANG_WARN_DOCUMENTATION_COMMENTS = YES;
				CLANG_WARN_EMPTY_BODY = YES;
				CLANG_WARN_ENUM_CONVERSION = YES;
				CLANG_WARN_INFINITE_RECURSION = YES;
				CLANG_WARN_INT_CONVERSION = YES;
				CLANG_WARN_NON_LITERAL_NULL_CONVERSION = YES;
				CLANG_WARN_OBJC_IMPLICIT_RETAIN_SELF = YES;
				CLANG_WARN_OBJC_LITERAL_CONVERSION = YES;
				CLANG_WARN_OBJC_ROOT_CLASS = YES_ERROR;
				CLANG_WARN_QUOTED_INCLUDE_IN_FRAMEWORK_HEADER = YES;
				CLANG_WARN_RANGE_LOOP_ANALYSIS = YES;
				CLANG_WARN_STRICT_PROTOTYPES = YES;
				CLANG_WARN_SUSPICIOUS_MOVE = YES;
				CLANG_WARN_UNGUARDED_AVAILABILITY = YES_AGGRESSIVE;
				CLANG_WARN_UNREACHABLE_CODE = YES;
				CLANG_WARN__DUPLICATE_METHOD_MATCH = YES;
				COPY_PHASE_STRIP = NO;
				DEBUG_INFORMATION_FORMAT = dwarf;
				ENABLE_STRICT_OBJC_MSGSEND = YES;
				ENABLE_TESTABILITY = YES;
				GCC_C_LANGUAGE_STANDARD = gnu11;
				GCC_DYNAMIC_NO_PIC = NO;
				GCC_NO_COMMON_BLOCKS = YES;
				GCC_OPTIMIZATION_LEVEL = 0;
				GCC_PREPROCESSOR_DEFINITIONS = (
					"DEBUG=1",
					"$(inherited)",
				);
				GCC_WARN_64_TO_32_BIT_CONVERSION = YES;
				GCC_WARN_ABOUT_RETURN_TYPE = YES_ERROR;
				GCC_WARN_UNDECLARED_SELECTOR = YES;
				GCC_WARN_UNINITIALIZED_AUTOS = YES_AGGRESSIVE;
				GCC_WARN_UNUSED_FUNCTION = YES;
				GCC_WARN_UNUSED_VARIABLE = YES;
				IPHONEOS_DEPLOYMENT_TARGET = 16.2;
				MTL_ENABLE_DEBUG_INFO = INCLUDE_SOURCE;
				MTL_FAST_MATH = YES;
				ONLY_ACTIVE_ARCH = YES;
				SDKROOT = iphoneos;
				SWIFT_ACTIVE_COMPILATION_CONDITIONS = DEBUG;
				SWIFT_OPTIMIZATION_LEVEL = "-Onone";
			};
			name = Debug;
		};
		509924C129BDF2EE003D49F7 /* Release */ = {
			isa = XCBuildConfiguration;
			buildSettings = {
				ALWAYS_SEARCH_USER_PATHS = NO;
				CLANG_ANALYZER_LOCALIZABILITY_NONLOCALIZED = YES;
				CLANG_ANALYZER_NONNULL = YES;
				CLANG_ANALYZER_NUMBER_OBJECT_CONVERSION = YES_AGGRESSIVE;
				CLANG_CXX_LANGUAGE_STANDARD = "gnu++20";
				CLANG_ENABLE_MODULES = YES;
				CLANG_ENABLE_OBJC_ARC = YES;
				CLANG_ENABLE_OBJC_WEAK = YES;
				CLANG_WARN_BLOCK_CAPTURE_AUTORELEASING = YES;
				CLANG_WARN_BOOL_CONVERSION = YES;
				CLANG_WARN_COMMA = YES;
				CLANG_WARN_CONSTANT_CONVERSION = YES;
				CLANG_WARN_DEPRECATED_OBJC_IMPLEMENTATIONS = YES;
				CLANG_WARN_DIRECT_OBJC_ISA_USAGE = YES_ERROR;
				CLANG_WARN_DOCUMENTATION_COMMENTS = YES;
				CLANG_WARN_EMPTY_BODY = YES;
				CLANG_WARN_ENUM_CONVERSION = YES;
				CLANG_WARN_INFINITE_RECURSION = YES;
				CLANG_WARN_INT_CONVERSION = YES;
				CLANG_WARN_NON_LITERAL_NULL_CONVERSION = YES;
				CLANG_WARN_OBJC_IMPLICIT_RETAIN_SELF = YES;
				CLANG_WARN_OBJC_LITERAL_CONVERSION = YES;
				CLANG_WARN_OBJC_ROOT_CLASS = YES_ERROR;
				CLANG_WARN_QUOTED_INCLUDE_IN_FRAMEWORK_HEADER = YES;
				CLANG_WARN_RANGE_LOOP_ANALYSIS = YES;
				CLANG_WARN_STRICT_PROTOTYPES = YES;
				CLANG_WARN_SUSPICIOUS_MOVE = YES;
				CLANG_WARN_UNGUARDED_AVAILABILITY = YES_AGGRESSIVE;
				CLANG_WARN_UNREACHABLE_CODE = YES;
				CLANG_WARN__DUPLICATE_METHOD_MATCH = YES;
				COPY_PHASE_STRIP = NO;
				DEBUG_INFORMATION_FORMAT = "dwarf-with-dsym";
				ENABLE_NS_ASSERTIONS = NO;
				ENABLE_STRICT_OBJC_MSGSEND = YES;
				GCC_C_LANGUAGE_STANDARD = gnu11;
				GCC_NO_COMMON_BLOCKS = YES;
				GCC_WARN_64_TO_32_BIT_CONVERSION = YES;
				GCC_WARN_ABOUT_RETURN_TYPE = YES_ERROR;
				GCC_WARN_UNDECLARED_SELECTOR = YES;
				GCC_WARN_UNINITIALIZED_AUTOS = YES_AGGRESSIVE;
				GCC_WARN_UNUSED_FUNCTION = YES;
				GCC_WARN_UNUSED_VARIABLE = YES;
				IPHONEOS_DEPLOYMENT_TARGET = 16.2;
				MTL_ENABLE_DEBUG_INFO = NO;
				MTL_FAST_MATH = YES;
				SDKROOT = iphoneos;
				SWIFT_COMPILATION_MODE = wholemodule;
				SWIFT_OPTIMIZATION_LEVEL = "-O";
				VALIDATE_PRODUCT = YES;
			};
			name = Release;
		};
		509924C329BDF2EE003D49F7 /* Debug */ = {
			isa = XCBuildConfiguration;
			buildSettings = {
				ASSETCATALOG_COMPILER_APPICON_NAME = AppIcon;
				ASSETCATALOG_COMPILER_GLOBAL_ACCENT_COLOR_NAME = AccentColor;
				ASSETCATALOG_COMPILER_INCLUDE_ALL_APPICON_ASSETS = NO;
				CODE_SIGN_STYLE = Automatic;
				CURRENT_PROJECT_VERSION = 1;
				DEVELOPMENT_ASSET_PATHS = "\"SIGN_GENIUS/Preview Content\"";
				DEVELOPMENT_TEAM = R7GWR83FG9;
				ENABLE_PREVIEWS = YES;
				GENERATE_INFOPLIST_FILE = YES;
				INFOPLIST_FILE = "SIGN-GENIUS-Info.plist";
				INFOPLIST_KEY_CFBundleDisplayName = "Sign Genius";
				INFOPLIST_KEY_UIApplicationSceneManifest_Generation = YES;
				INFOPLIST_KEY_UIApplicationSupportsIndirectInputEvents = YES;
				INFOPLIST_KEY_UILaunchStoryboardName = SplashView;
				INFOPLIST_KEY_UISupportedInterfaceOrientations_iPad = "UIInterfaceOrientationPortrait UIInterfaceOrientationPortraitUpsideDown UIInterfaceOrientationLandscapeLeft UIInterfaceOrientationLandscapeRight";
				INFOPLIST_KEY_UISupportedInterfaceOrientations_iPhone = "UIInterfaceOrientationPortrait UIInterfaceOrientationLandscapeLeft UIInterfaceOrientationLandscapeRight";
				LD_RUNPATH_SEARCH_PATHS = (
					"$(inherited)",
					"@executable_path/Frameworks",
				);
				MARKETING_VERSION = 1.0;
				PRODUCT_BUNDLE_IDENTIFIER = "com.sign-genius.SIGN-GENIUS";
				PRODUCT_NAME = "$(TARGET_NAME)";
				SUPPORTED_PLATFORMS = "iphoneos iphonesimulator";
				SUPPORTS_MACCATALYST = NO;
				SUPPORTS_MAC_DESIGNED_FOR_IPHONE_IPAD = NO;
				SWIFT_EMIT_LOC_STRINGS = YES;
				SWIFT_VERSION = 5.0;
				TARGETED_DEVICE_FAMILY = "1,2";
			};
			name = Debug;
		};
		509924C429BDF2EE003D49F7 /* Release */ = {
			isa = XCBuildConfiguration;
			buildSettings = {
				ASSETCATALOG_COMPILER_APPICON_NAME = AppIcon;
				ASSETCATALOG_COMPILER_GLOBAL_ACCENT_COLOR_NAME = AccentColor;
				ASSETCATALOG_COMPILER_INCLUDE_ALL_APPICON_ASSETS = NO;
				CODE_SIGN_STYLE = Automatic;
				CURRENT_PROJECT_VERSION = 1;
				DEVELOPMENT_ASSET_PATHS = "\"SIGN_GENIUS/Preview Content\"";
				DEVELOPMENT_TEAM = R7GWR83FG9;
				ENABLE_PREVIEWS = YES;
				GENERATE_INFOPLIST_FILE = YES;
				INFOPLIST_FILE = "SIGN-GENIUS-Info.plist";
				INFOPLIST_KEY_CFBundleDisplayName = "Sign Genius";
				INFOPLIST_KEY_UIApplicationSceneManifest_Generation = YES;
				INFOPLIST_KEY_UIApplicationSupportsIndirectInputEvents = YES;
				INFOPLIST_KEY_UILaunchStoryboardName = SplashView;
				INFOPLIST_KEY_UISupportedInterfaceOrientations_iPad = "UIInterfaceOrientationPortrait UIInterfaceOrientationPortraitUpsideDown UIInterfaceOrientationLandscapeLeft UIInterfaceOrientationLandscapeRight";
				INFOPLIST_KEY_UISupportedInterfaceOrientations_iPhone = "UIInterfaceOrientationPortrait UIInterfaceOrientationLandscapeLeft UIInterfaceOrientationLandscapeRight";
				LD_RUNPATH_SEARCH_PATHS = (
					"$(inherited)",
					"@executable_path/Frameworks",
				);
				MARKETING_VERSION = 1.0;
				PRODUCT_BUNDLE_IDENTIFIER = "com.sign-genius.SIGN-GENIUS";
				PRODUCT_NAME = "$(TARGET_NAME)";
				SUPPORTED_PLATFORMS = "iphoneos iphonesimulator";
				SUPPORTS_MACCATALYST = NO;
				SUPPORTS_MAC_DESIGNED_FOR_IPHONE_IPAD = NO;
				SWIFT_EMIT_LOC_STRINGS = YES;
				SWIFT_VERSION = 5.0;
				TARGETED_DEVICE_FAMILY = "1,2";
			};
			name = Release;
		};
/* End XCBuildConfiguration section */

/* Begin XCConfigurationList section */
		5099249929BDF2ED003D49F7 /* Build configuration list for PBXProject "SIGN_GENIUS" */ = {
			isa = XCConfigurationList;
			buildConfigurations = (
				509924C029BDF2EE003D49F7 /* Debug */,
				509924C129BDF2EE003D49F7 /* Release */,
			);
			defaultConfigurationIsVisible = 0;
			defaultConfigurationName = Release;
		};
		509924C229BDF2EE003D49F7 /* Build configuration list for PBXNativeTarget "SIGN_GENIUS" */ = {
			isa = XCConfigurationList;
			buildConfigurations = (
				509924C329BDF2EE003D49F7 /* Debug */,
				509924C429BDF2EE003D49F7 /* Release */,
			);
			defaultConfigurationIsVisible = 0;
			defaultConfigurationName = Release;
		};
/* End XCConfigurationList section */

/* Begin XCRemoteSwiftPackageReference section */
		509924CD29BE0089003D49F7 /* XCRemoteSwiftPackageReference "firebase-ios-sdk" */ = {
			isa = XCRemoteSwiftPackageReference;
			repositoryURL = "https://github.com/firebase/firebase-ios-sdk";
			requirement = {
				kind = upToNextMajorVersion;
				minimumVersion = 9.0.0;
			};
		};
/* End XCRemoteSwiftPackageReference section */

/* Begin XCSwiftPackageProductDependency section */
		509924CE29BE0089003D49F7 /* FirebaseAnalytics */ = {
			isa = XCSwiftPackageProductDependency;
			package = 509924CD29BE0089003D49F7 /* XCRemoteSwiftPackageReference "firebase-ios-sdk" */;
			productName = FirebaseAnalytics;
		};
		509924D029BE0089003D49F7 /* FirebaseAnalyticsSwift */ = {
			isa = XCSwiftPackageProductDependency;
			package = 509924CD29BE0089003D49F7 /* XCRemoteSwiftPackageReference "firebase-ios-sdk" */;
			productName = FirebaseAnalyticsSwift;
		};
		509924D229BE008A003D49F7 /* FirebaseAuth */ = {
			isa = XCSwiftPackageProductDependency;
			package = 509924CD29BE0089003D49F7 /* XCRemoteSwiftPackageReference "firebase-ios-sdk" */;
			productName = FirebaseAuth;
		};
		509924D429BE008A003D49F7 /* FirebaseCrashlytics */ = {
			isa = XCSwiftPackageProductDependency;
			package = 509924CD29BE0089003D49F7 /* XCRemoteSwiftPackageReference "firebase-ios-sdk" */;
			productName = FirebaseCrashlytics;
		};
		509924D629BE008A003D49F7 /* FirebaseFirestore */ = {
			isa = XCSwiftPackageProductDependency;
			package = 509924CD29BE0089003D49F7 /* XCRemoteSwiftPackageReference "firebase-ios-sdk" */;
			productName = FirebaseFirestore;
		};
/* End XCSwiftPackageProductDependency section */
	};
	rootObject = 5099249629BDF2ED003D49F7 /* Project object */;
}
